
Microsoft Visual Studio Solution File, Format Version 12.00
# Visual Studio Version 17
VisualStudioVersion = 17.10.35122.118
MinimumVisualStudioVersion = 10.0.40219.1
Project("{FAE04EC0-301F-11D3-BF4B-00C04F79EFBC}") = "Elasticsearch.Example", "Elasticsearch.Example\Elasticsearch.Example.csproj", "{289EF428-9AAA-489B-8E7E-C304F7D0EB2A}"
EndProject
Project("{2150E333-8FDC-42A3-9474-1A3956D46DE8}") = "Docker", "Docker", "{B07A4B56-D9FF-463E-AE5D-92EAD536ADFA}"
	ProjectSection(SolutionItems) = preProject
		docker-compose.yml = docker-compose.yml
	EndProjectSection
EndProject
Global
	GlobalSection(SolutionConfigurationPlatforms) = preSolution
		Debug|Any CPU = Debug|Any CPU
		Release|Any CPU = Release|Any CPU
	EndGlobalSection
	GlobalSection(ProjectConfigurationPlatforms) = postSolution
		{289EF428-9AAA-489B-8E7E-C304F7D0EB2A}.Debug|Any CPU.ActiveCfg = Debug|Any CPU
		{289EF428-9AAA-489B-8E7E-C304F7D0EB2A}.Debug|Any CPU.Build.0 = Debug|Any CPU
		{289EF428-9AAA-489B-8E7E-C304F7D0EB2A}.Release|Any CPU.ActiveCfg = Release|Any CPU
		{289EF428-9AAA-489B-8E7E-C304F7D0EB2A}.Release|Any CPU.Build.0 = Release|Any CPU
	EndGlobalSection
	GlobalSection(SolutionProperties) = preSolution
		HideSolutionNode = FALSE
	EndGlobalSection
	GlobalSection(ExtensibilityGlobals) = postSolution
		SolutionGuid = {B174ADE6-6A02-4146-AC92-28ACA817956E}
	EndGlobalSection
EndGlobal
